
Microsoft Visual Studio Solution File, Format Version 12.00
# Visual Studio 15
VisualStudioVersion = 15.0.28307.779
MinimumVisualStudioVersion = 10.0.40219.1
Project("{FAE04EC0-301F-11D3-BF4B-00C04F79EFBC}") = "4chanThreadRipper", "4chanThreadRipper\4chanThreadRipper.csproj", "{F68699C2-6CA1-4DF2-85DE-85EC4E41DF35}"
EndProject
Global
	GlobalSection(SolutionConfigurationPlatforms) = preSolution
		Debug|Any CPU = Debug|Any CPU
		Release|Any CPU = Release|Any CPU
	EndGlobalSection
	GlobalSection(ProjectConfigurationPlatforms) = postSolution
		{F68699C2-6CA1-4DF2-85DE-85EC4E41DF35}.Debug|Any CPU.ActiveCfg = Debug|Any CPU
		{F68699C2-6CA1-4DF2-85DE-85EC4E41DF35}.Debug|Any CPU.Build.0 = Debug|Any CPU
		{F68699C2-6CA1-4DF2-85DE-85EC4E41DF35}.Release|Any CPU.ActiveCfg = Release|Any CPU
		{F68699C2-6CA1-4DF2-85DE-85EC4E41DF35}.Release|Any CPU.Build.0 = Release|Any CPU
	EndGlobalSection
	GlobalSection(SolutionProperties) = preSolution
		HideSolutionNode = FALSE
	EndGlobalSection
	GlobalSection(ExtensibilityGlobals) = postSolution
		SolutionGuid = {407C3159-9762-467B-8560-78B660D48EB1}
	EndGlobalSection
EndGlobal
